
Microsoft Visual Studio Solution File, Format Version 12.00
# Visual Studio 2012
Project("{8BC9CEB8-8B4A-11D0-8D11-00A0C91BC942}") = "miracl", "miracl\miracl.vcxproj", "{F82A8398-1B01-4248-AE2C-CDB6E5BA357C}"
EndProject
Global
	GlobalSection(SolutionConfigurationPlatforms) = preSolution
		Debug|Win32 = Debug|Win32
		Release|Win32 = Release|Win32
	EndGlobalSection
	GlobalSection(ProjectConfigurationPlatforms) = postSolution
		{F82A8398-1B01-4248-AE2C-CDB6E5BA357C}.Debug|Win32.ActiveCfg = Debug|Win32
		{F82A8398-1B01-4248-AE2C-CDB6E5BA357C}.Debug|Win32.Build.0 = Debug|Win32
		{F82A8398-1B01-4248-AE2C-CDB6E5BA357C}.Release|Win32.ActiveCfg = Release|Win32
		{F82A8398-1B01-4248-AE2C-CDB6E5BA357C}.Release|Win32.Build.0 = Release|Win32
	EndGlobalSection
	GlobalSection(SolutionProperties) = preSolution
		HideSolutionNode = FALSE
	EndGlobalSection
EndGlobal
